
Microsoft Visual Studio Solution File, Format Version 12.00
# Visual Studio Version 17
VisualStudioVersion = 17.13.35825.156 d17.13
MinimumVisualStudioVersion = 10.0.40219.1
Project("{FAE04EC0-301F-11D3-BF4B-00C04F79EFBC}") = "WpfApp_ejer4", "WpfApp_ejer4\WpfApp_ejer4.csproj", "{51F9E623-19E5-4C90-ACDF-C39EF2D3AA5A}"
EndProject
Global
	GlobalSection(SolutionConfigurationPlatforms) = preSolution
		Debug|Any CPU = Debug|Any CPU
		Release|Any CPU = Release|Any CPU
	EndGlobalSection
	GlobalSection(ProjectConfigurationPlatforms) = postSolution
		{51F9E623-19E5-4C90-ACDF-C39EF2D3AA5A}.Debug|Any CPU.ActiveCfg = Debug|Any CPU
		{51F9E623-19E5-4C90-ACDF-C39EF2D3AA5A}.Debug|Any CPU.Build.0 = Debug|Any CPU
		{51F9E623-19E5-4C90-ACDF-C39EF2D3AA5A}.Release|Any CPU.ActiveCfg = Release|Any CPU
		{51F9E623-19E5-4C90-ACDF-C39EF2D3AA5A}.Release|Any CPU.Build.0 = Release|Any CPU
	EndGlobalSection
	GlobalSection(SolutionProperties) = preSolution
		HideSolutionNode = FALSE
	EndGlobalSection
	GlobalSection(ExtensibilityGlobals) = postSolution
		SolutionGuid = {0DE55F1E-499D-4B13-8653-363A357C3190}
	EndGlobalSection
EndGlobal
